
Microsoft Visual Studio Solution File, Format Version 12.00
# Visual Studio Version 16
VisualStudioVersion = 16.0.30621.155
MinimumVisualStudioVersion = 10.0.40219.1
Project("{FAE04EC0-301F-11D3-BF4B-00C04F79EFBC}") = "TREINO", "TREINO\TREINO.csproj", "{D014105E-9628-4868-A5DA-9818012E9C95}"
EndProject
Global
	GlobalSection(SolutionConfigurationPlatforms) = preSolution
		Debug|Any CPU = Debug|Any CPU
		Release|Any CPU = Release|Any CPU
	EndGlobalSection
	GlobalSection(ProjectConfigurationPlatforms) = postSolution
		{D014105E-9628-4868-A5DA-9818012E9C95}.Debug|Any CPU.ActiveCfg = Debug|Any CPU
		{D014105E-9628-4868-A5DA-9818012E9C95}.Debug|Any CPU.Build.0 = Debug|Any CPU
		{D014105E-9628-4868-A5DA-9818012E9C95}.Release|Any CPU.ActiveCfg = Release|Any CPU
		{D014105E-9628-4868-A5DA-9818012E9C95}.Release|Any CPU.Build.0 = Release|Any CPU
	EndGlobalSection
	GlobalSection(SolutionProperties) = preSolution
		HideSolutionNode = FALSE
	EndGlobalSection
	GlobalSection(ExtensibilityGlobals) = postSolution
		SolutionGuid = {AEE020C1-E395-43BE-860B-AEB646DCA01A}
	EndGlobalSection
EndGlobal
